// !$*UTF8*$!
{
	archiveVersion = 1;
	classes = {
	};
	objectVersion = 77;
	objects = {

/* Begin PBXContainerItemProxy section */
		D9E21F3A2CAA79BF00E45F2A /* PBXContainerItemProxy */ = {
			isa = PBXContainerItemProxy;
			containerPortal = D9E21F212CAA79BD00E45F2A /* Project object */;
			proxyType = 1;
			remoteGlobalIDString = D9E21F282CAA79BD00E45F2A;
			remoteInfo = SwiftfulMapApp;
		};
		D9E21F442CAA79BF00E45F2A /* PBXContainerItemProxy */ = {
			isa = PBXContainerItemProxy;
			containerPortal = D9E21F212CAA79BD00E45F2A /* Project object */;
			proxyType = 1;
			remoteGlobalIDString = D9E21F282CAA79BD00E45F2A;
			remoteInfo = SwiftfulMapApp;
		};
/* End PBXContainerItemProxy section */

/* Begin PBXFileReference section */
		D9E21F292CAA79BD00E45F2A /* SwiftfulMapApp.app */ = {isa = PBXFileReference; explicitFileType = wrapper.application; includeInIndex = 0; path = SwiftfulMapApp.app; sourceTree = BUILT_PRODUCTS_DIR; };
		D9E21F392CAA79BF00E45F2A /* SwiftfulMapAppTests.xctest */ = {isa = PBXFileReference; explicitFileType = wrapper.cfbundle; includeInIndex = 0; path = SwiftfulMapAppTests.xctest; sourceTree = BUILT_PRODUCTS_DIR; };
		D9E21F432CAA79BF00E45F2A /* SwiftfulMapAppUITests.xctest */ = {isa = PBXFileReference; explicitFileType = wrapper.cfbundle; includeInIndex = 0; path = SwiftfulMapAppUITests.xctest; sourceTree = BUILT_PRODUCTS_DIR; };
/* End PBXFileReference section */

/* Begin PBXFileSystemSynchronizedRootGroup section */
		D9E21F2B2CAA79BD00E45F2A /* SwiftfulMapApp */ = {
			isa = PBXFileSystemSynchronizedRootGroup;
			path = SwiftfulMapApp;
			sourceTree = "<group>";
		};
		D9E21F3C2CAA79BF00E45F2A /* SwiftfulMapAppTests */ = {
			isa = PBXFileSystemSynchronizedRootGroup;
			path = SwiftfulMapAppTests;
			sourceTree = "<group>";
		};
		D9E21F462CAA79BF00E45F2A /* SwiftfulMapAppUITests */ = {
			isa = PBXFileSystemSynchronizedRootGroup;
			path = SwiftfulMapAppUITests;
			sourceTree = "<group>";
		};
/* End PBXFileSystemSynchronizedRootGroup section */

/* Begin PBXFrameworksBuildPhase section */
		D9E21F262CAA79BD00E45F2A /* Frameworks */ = {
			isa = PBXFrameworksBuildPhase;
			buildActionMask = 2147483647;
			files = (
			);
			runOnlyForDeploymentPostprocessing = 0;
		};
		D9E21F362CAA79BF00E45F2A /* Frameworks */ = {
			isa = PBXFrameworksBuildPhase;
			buildActionMask = 2147483647;
			files = (
			);
			runOnlyForDeploymentPostprocessing = 0;
		};
		D9E21F402CAA79BF00E45F2A /* Frameworks */ = {
			isa = PBXFrameworksBuildPhase;
			buildActionMask = 2147483647;
			files = (
			);
			runOnlyForDeploymentPostprocessing = 0;
		};
/* End PBXFrameworksBuildPhase section */

/* Begin PBXGroup section */
		D9E21F202CAA79BD00E45F2A = {
			isa = PBXGroup;
			children = (
				D9E21F2B2CAA79BD00E45F2A /* SwiftfulMapApp */,
				D9E21F3C2CAA79BF00E45F2A /* SwiftfulMapAppTests */,
				D9E21F462CAA79BF00E45F2A /* SwiftfulMapAppUITests */,
				D9E21F2A2CAA79BD00E45F2A /* Products */,
			);
			sourceTree = "<group>";
		};
		D9E21F2A2CAA79BD00E45F2A /* Products */ = {
			isa = PBXGroup;
			children = (
				D9E21F292CAA79BD00E45F2A /* SwiftfulMapApp.app */,
				D9E21F392CAA79BF00E45F2A /* SwiftfulMapAppTests.xctest */,
				D9E21F432CAA79BF00E45F2A /* SwiftfulMapAppUITests.xctest */,
			);
			name = Products;
			sourceTree = "<group>";
		};
/* End PBXGroup section */

/* Begin PBXNativeTarget section */
		D9E21F282CAA79BD00E45F2A /* SwiftfulMapApp */ = {
			isa = PBXNativeTarget;
			buildConfigurationList = D9E21F4D2CAA79BF00E45F2A /* Build configuration list for PBXNativeTarget "SwiftfulMapApp" */;
			buildPhases = (
				D9E21F252CAA79BD00E45F2A /* Sources */,
				D9E21F262CAA79BD00E45F2A /* Frameworks */,
				D9E21F272CAA79BD00E45F2A /* Resources */,
			);
			buildRules = (
			);
			dependencies = (
			);
			fileSystemSynchronizedGroups = (
				D9E21F2B2CAA79BD00E45F2A /* SwiftfulMapApp */,
			);
			name = SwiftfulMapApp;
			packageProductDependencies = (
			);
			productName = SwiftfulMapApp;
			productReference = D9E21F292CAA79BD00E45F2A /* SwiftfulMapApp.app */;
			productType = "com.apple.product-type.application";
		};
		D9E21F382CAA79BF00E45F2A /* SwiftfulMapAppTests */ = {
			isa = PBXNativeTarget;
			buildConfigurationList = D9E21F502CAA79BF00E45F2A /* Build configuration list for PBXNativeTarget "SwiftfulMapAppTests" */;
			buildPhases = (
				D9E21F352CAA79BF00E45F2A /* Sources */,
				D9E21F362CAA79BF00E45F2A /* Frameworks */,
				D9E21F372CAA79BF00E45F2A /* Resources */,
			);
			buildRules = (
			);
			dependencies = (
				D9E21F3B2CAA79BF00E45F2A /* PBXTargetDependency */,
			);
			fileSystemSynchronizedGroups = (
				D9E21F3C2CAA79BF00E45F2A /* SwiftfulMapAppTests */,
			);
			name = SwiftfulMapAppTests;
			packageProductDependencies = (
			);
			productName = SwiftfulMapAppTests;
			productReference = D9E21F392CAA79BF00E45F2A /* SwiftfulMapAppTests.xctest */;
			productType = "com.apple.product-type.bundle.unit-test";
		};
		D9E21F422CAA79BF00E45F2A /* SwiftfulMapAppUITests */ = {
			isa = PBXNativeTarget;
			buildConfigurationList = D9E21F532CAA79BF00E45F2A /* Build configuration list for PBXNativeTarget "SwiftfulMapAppUITests" */;
			buildPhases = (
				D9E21F3F2CAA79BF00E45F2A /* Sources */,
				D9E21F402CAA79BF00E45F2A /* Frameworks */,
				D9E21F412CAA79BF00E45F2A /* Resources */,
			);
			buildRules = (
			);
			dependencies = (
				D9E21F452CAA79BF00E45F2A /* PBXTargetDependency */,
			);
			fileSystemSynchronizedGroups = (
				D9E21F462CAA79BF00E45F2A /* SwiftfulMapAppUITests */,
			);
			name = SwiftfulMapAppUITests;
			packageProductDependencies = (
			);
			productName = SwiftfulMapAppUITests;
			productReference = D9E21F432CAA79BF00E45F2A /* SwiftfulMapAppUITests.xctest */;
			productType = "com.apple.product-type.bundle.ui-testing";
		};
/* End PBXNativeTarget section */

/* Begin PBXProject section */
		D9E21F212CAA79BD00E45F2A /* Project object */ = {
			isa = PBXProject;
			attributes = {
				BuildIndependentTargetsInParallel = 1;
				LastSwiftUpdateCheck = 1600;
				LastUpgradeCheck = 1600;
				TargetAttributes = {
					D9E21F282CAA79BD00E45F2A = {
						CreatedOnToolsVersion = 16.0;
					};
					D9E21F382CAA79BF00E45F2A = {
						CreatedOnToolsVersion = 16.0;
						TestTargetID = D9E21F282CAA79BD00E45F2A;
					};
					D9E21F422CAA79BF00E45F2A = {
						CreatedOnToolsVersion = 16.0;
						TestTargetID = D9E21F282CAA79BD00E45F2A;
					};
				};
			};
			buildConfigurationList = D9E21F242CAA79BD00E45F2A /* Build configuration list for PBXProject "SwiftfulMapApp" */;
			developmentRegion = en;
			hasScannedForEncodings = 0;
			knownRegions = (
				en,
				Base,
			);
			mainGroup = D9E21F202CAA79BD00E45F2A;
			minimizedProjectReferenceProxies = 1;
			preferredProjectObjectVersion = 77;
			productRefGroup = D9E21F2A2CAA79BD00E45F2A /* Products */;
			projectDirPath = "";
			projectRoot = "";
			targets = (
				D9E21F282CAA79BD00E45F2A /* SwiftfulMapApp */,
				D9E21F382CAA79BF00E45F2A /* SwiftfulMapAppTests */,
				D9E21F422CAA79BF00E45F2A /* SwiftfulMapAppUITests */,
			);
		};
/* End PBXProject section */

/* Begin PBXResourcesBuildPhase section */
		D9E21F272CAA79BD00E45F2A /* Resources */ = {
			isa = PBXResourcesBuildPhase;
			buildActionMask = 2147483647;
			files = (
			);
			runOnlyForDeploymentPostprocessing = 0;
		};
		D9E21F372CAA79BF00E45F2A /* Resources */ = {
			isa = PBXResourcesBuildPhase;
			buildActionMask = 2147483647;
			files = (
			);
			runOnlyForDeploymentPostprocessing = 0;
		};
		D9E21F412CAA79BF00E45F2A /* Resources */ = {
			isa = PBXResourcesBuildPhase;
			buildActionMask = 2147483647;
			files = (
			);
			runOnlyForDeploymentPostprocessing = 0;
		};
/* End PBXResourcesBuildPhase section */

/* Begin PBXSourcesBuildPhase section */
		D9E21F252CAA79BD00E45F2A /* Sources */ = {
			isa = PBXSourcesBuildPhase;
			buildActionMask = 2147483647;
			files = (
			);
			runOnlyForDeploymentPostprocessing = 0;
		};
		D9E21F352CAA79BF00E45F2A /* Sources */ = {
			isa = PBXSourcesBuildPhase;
			buildActionMask = 2147483647;
			files = (
			);
			runOnlyForDeploymentPostprocessing = 0;
		};
		D9E21F3F2CAA79BF00E45F2A /* Sources */ = {
			isa = PBXSourcesBuildPhase;
			buildActionMask = 2147483647;
			files = (
			);
			runOnlyForDeploymentPostprocessing = 0;
		};
/* End PBXSourcesBuildPhase section */

/* Begin PBXTargetDependency section */
		D9E21F3B2CAA79BF00E45F2A /* PBXTargetDependency */ = {
			isa = PBXTargetDependency;
			target = D9E21F282CAA79BD00E45F2A /* SwiftfulMapApp */;
			targetProxy = D9E21F3A2CAA79BF00E45F2A /* PBXContainerItemProxy */;
		};
		D9E21F452CAA79BF00E45F2A /* PBXTargetDependency */ = {
			isa = PBXTargetDependency;
			target = D9E21F282CAA79BD00E45F2A /* SwiftfulMapApp */;
			targetProxy = D9E21F442CAA79BF00E45F2A /* PBXContainerItemProxy */;
		};
/* End PBXTargetDependency section */

/* Begin XCBuildConfiguration section */
		D9E21F4B2CAA79BF00E45F2A /* Debug */ = {
			isa = XCBuildConfiguration;
			buildSettings = {
				ALWAYS_SEARCH_USER_PATHS = NO;
				ASSETCATALOG_COMPILER_GENERATE_SWIFT_ASSET_SYMBOL_EXTENSIONS = YES;
				CLANG_ANALYZER_NONNULL = YES;
				CLANG_ANALYZER_NUMBER_OBJECT_CONVERSION = YES_AGGRESSIVE;
				CLANG_CXX_LANGUAGE_STANDARD = "gnu++20";
				CLANG_ENABLE_MODULES = YES;
				CLANG_ENABLE_OBJC_ARC = YES;
				CLANG_ENABLE_OBJC_WEAK = YES;
				CLANG_WARN_BLOCK_CAPTURE_AUTORELEASING = YES;
				CLANG_WARN_BOOL_CONVERSION = YES;
				CLANG_WARN_COMMA = YES;
				CLANG_WARN_CONSTANT_CONVERSION = YES;
				CLANG_WARN_DEPRECATED_OBJC_IMPLEMENTATIONS = YES;
				CLANG_WARN_DIRECT_OBJC_ISA_USAGE = YES_ERROR;
				CLANG_WARN_DOCUMENTATION_COMMENTS = YES;
				CLANG_WARN_EMPTY_BODY = YES;
				CLANG_WARN_ENUM_CONVERSION = YES;
				CLANG_WARN_INFINITE_RECURSION = YES;
				CLANG_WARN_INT_CONVERSION = YES;
				CLANG_WARN_NON_LITERAL_NULL_CONVERSION = YES;
				CLANG_WARN_OBJC_IMPLICIT_RETAIN_SELF = YES;
				CLANG_WARN_OBJC_LITERAL_CONVERSION = YES;
				CLANG_WARN_OBJC_ROOT_CLASS = YES_ERROR;
				CLANG_WARN_QUOTED_INCLUDE_IN_FRAMEWORK_HEADER = YES;
				CLANG_WARN_RANGE_LOOP_ANALYSIS = YES;
				CLANG_WARN_STRICT_PROTOTYPES = YES;
				CLANG_WARN_SUSPICIOUS_MOVE = YES;
				CLANG_WARN_UNGUARDED_AVAILABILITY = YES_AGGRESSIVE;
				CLANG_WARN_UNREACHABLE_CODE = YES;
				CLANG_WARN__DUPLICATE_METHOD_MATCH = YES;
				COPY_PHASE_STRIP = NO;
				DEBUG_INFORMATION_FORMAT = dwarf;
				ENABLE_STRICT_OBJC_MSGSEND = YES;
				ENABLE_TESTABILITY = YES;
				ENABLE_USER_SCRIPT_SANDBOXING = YES;
				GCC_C_LANGUAGE_STANDARD = gnu17;
				GCC_DYNAMIC_NO_PIC = NO;
				GCC_NO_COMMON_BLOCKS = YES;
				GCC_OPTIMIZATION_LEVEL = 0;
				GCC_PREPROCESSOR_DEFINITIONS = (
					"DEBUG=1",
					"$(inherited)",
				);
				GCC_WARN_64_TO_32_BIT_CONVERSION = YES;
				GCC_WARN_ABOUT_RETURN_TYPE = YES_ERROR;
				GCC_WARN_UNDECLARED_SELECTOR = YES;
				GCC_WARN_UNINITIALIZED_AUTOS = YES_AGGRESSIVE;
				GCC_WARN_UNUSED_FUNCTION = YES;
				GCC_WARN_UNUSED_VARIABLE = YES;
				IPHONEOS_DEPLOYMENT_TARGET = 18.0;
				LOCALIZATION_PREFERS_STRING_CATALOGS = YES;
				MTL_ENABLE_DEBUG_INFO = INCLUDE_SOURCE;
				MTL_FAST_MATH = YES;
				ONLY_ACTIVE_ARCH = YES;
				SDKROOT = iphoneos;
				SWIFT_ACTIVE_COMPILATION_CONDITIONS = "DEBUG $(inherited)";
				SWIFT_OPTIMIZATION_LEVEL = "-Onone";
			};
			name = Debug;
		};
		D9E21F4C2CAA79BF00E45F2A /* Release */ = {
			isa = XCBuildConfiguration;
			buildSettings = {
				ALWAYS_SEARCH_USER_PATHS = NO;
				ASSETCATALOG_COMPILER_GENERATE_SWIFT_ASSET_SYMBOL_EXTENSIONS = YES;
				CLANG_ANALYZER_NONNULL = YES;
				CLANG_ANALYZER_NUMBER_OBJECT_CONVERSION = YES_AGGRESSIVE;
				CLANG_CXX_LANGUAGE_STANDARD = "gnu++20";
				CLANG_ENABLE_MODULES = YES;
				CLANG_ENABLE_OBJC_ARC = YES;
				CLANG_ENABLE_OBJC_WEAK = YES;
				CLANG_WARN_BLOCK_CAPTURE_AUTORELEASING = YES;
				CLANG_WARN_BOOL_CONVERSION = YES;
				CLANG_WARN_COMMA = YES;
				CLANG_WARN_CONSTANT_CONVERSION = YES;
				CLANG_WARN_DEPRECATED_OBJC_IMPLEMENTATIONS = YES;
				CLANG_WARN_DIRECT_OBJC_ISA_USAGE = YES_ERROR;
				CLANG_WARN_DOCUMENTATION_COMMENTS = YES;
				CLANG_WARN_EMPTY_BODY = YES;
				CLANG_WARN_ENUM_CONVERSION = YES;
				CLANG_WARN_INFINITE_RECURSION = YES;
				CLANG_WARN_INT_CONVERSION = YES;
				CLANG_WARN_NON_LITERAL_NULL_CONVERSION = YES;
				CLANG_WARN_OBJC_IMPLICIT_RETAIN_SELF = YES;
				CLANG_WARN_OBJC_LITERAL_CONVERSION = YES;
				CLANG_WARN_OBJC_ROOT_CLASS = YES_ERROR;
				CLANG_WARN_QUOTED_INCLUDE_IN_FRAMEWORK_HEADER = YES;
				CLANG_WARN_RANGE_LOOP_ANALYSIS = YES;
				CLANG_WARN_STRICT_PROTOTYPES = YES;
				CLANG_WARN_SUSPICIOUS_MOVE = YES;
				CLANG_WARN_UNGUARDED_AVAILABILITY = YES_AGGRESSIVE;
				CLANG_WARN_UNREACHABLE_CODE = YES;
				CLANG_WARN__DUPLICATE_METHOD_MATCH = YES;
				COPY_PHASE_STRIP = NO;
				DEBUG_INFORMATION_FORMAT = "dwarf-with-dsym";
				ENABLE_NS_ASSERTIONS = NO;
				ENABLE_STRICT_OBJC_MSGSEND = YES;
				ENABLE_USER_SCRIPT_SANDBOXING = YES;
				GCC_C_LANGUAGE_STANDARD = gnu17;
				GCC_NO_COMMON_BLOCKS = YES;
				GCC_WARN_64_TO_32_BIT_CONVERSION = YES;
				GCC_WARN_ABOUT_RETURN_TYPE = YES_ERROR;
				GCC_WARN_UNDECLARED_SELECTOR = YES;
				GCC_WARN_UNINITIALIZED_AUTOS = YES_AGGRESSIVE;
				GCC_WARN_UNUSED_FUNCTION = YES;
				GCC_WARN_UNUSED_VARIABLE = YES;
				IPHONEOS_DEPLOYMENT_TARGET = 18.0;
				LOCALIZATION_PREFERS_STRING_CATALOGS = YES;
				MTL_ENABLE_DEBUG_INFO = NO;
				MTL_FAST_MATH = YES;
				SDKROOT = iphoneos;
				SWIFT_COMPILATION_MODE = wholemodule;
				VALIDATE_PRODUCT = YES;
			};
			name = Release;
		};
		D9E21F4E2CAA79BF00E45F2A /* Debug */ = {
			isa = XCBuildConfiguration;
			buildSettings = {
				ASSETCATALOG_COMPILER_APPICON_NAME = AppIcon;
				ASSETCATALOG_COMPILER_GLOBAL_ACCENT_COLOR_NAME = AccentColor;
				CODE_SIGN_STYLE = Automatic;
				CURRENT_PROJECT_VERSION = 1;
				DEVELOPMENT_ASSET_PATHS = "\"SwiftfulMapApp/Preview Content\"";
				ENABLE_PREVIEWS = YES;
				GENERATE_INFOPLIST_FILE = YES;
				INFOPLIST_KEY_UIApplicationSceneManifest_Generation = YES;
				INFOPLIST_KEY_UIApplicationSupportsIndirectInputEvents = YES;
				INFOPLIST_KEY_UILaunchScreen_Generation = YES;
				INFOPLIST_KEY_UISupportedInterfaceOrientations_iPad = "UIInterfaceOrientationPortrait UIInterfaceOrientationPortraitUpsideDown UIInterfaceOrientationLandscapeLeft UIInterfaceOrientationLandscapeRight";
				INFOPLIST_KEY_UISupportedInterfaceOrientations_iPhone = "UIInterfaceOrientationPortrait UIInterfaceOrientationLandscapeLeft UIInterfaceOrientationLandscapeRight";
				LD_RUNPATH_SEARCH_PATHS = (
					"$(inherited)",
					"@executable_path/Frameworks",
				);
				MARKETING_VERSION = 1.0;
				PRODUCT_BUNDLE_IDENTIFIER = com.presidio.SwiftfulMapApp;
				PRODUCT_NAME = "$(TARGET_NAME)";
				SWIFT_EMIT_LOC_STRINGS = YES;
				SWIFT_VERSION = 5.0;
				TARGETED_DEVICE_FAMILY = "1,2";
			};
			name = Debug;
		};
		D9E21F4F2CAA79BF00E45F2A /* Release */ = {
			isa = XCBuildConfiguration;
			buildSettings = {
				ASSETCATALOG_COMPILER_APPICON_NAME = AppIcon;
				ASSETCATALOG_COMPILER_GLOBAL_ACCENT_COLOR_NAME = AccentColor;
				CODE_SIGN_STYLE = Automatic;
				CURRENT_PROJECT_VERSION = 1;
				DEVELOPMENT_ASSET_PATHS = "\"SwiftfulMapApp/Preview Content\"";
				ENABLE_PREVIEWS = YES;
				GENERATE_INFOPLIST_FILE = YES;
				INFOPLIST_KEY_UIApplicationSceneManifest_Generation = YES;
				INFOPLIST_KEY_UIApplicationSupportsIndirectInputEvents = YES;
				INFOPLIST_KEY_UILaunchScreen_Generation = YES;
				INFOPLIST_KEY_UISupportedInterfaceOrientations_iPad = "UIInterfaceOrientationPortrait UIInterfaceOrientationPortraitUpsideDown UIInterfaceOrientationLandscapeLeft UIInterfaceOrientationLandscapeRight";
				INFOPLIST_KEY_UISupportedInterfaceOrientations_iPhone = "UIInterfaceOrientationPortrait UIInterfaceOrientationLandscapeLeft UIInterfaceOrientationLandscapeRight";
				LD_RUNPATH_SEARCH_PATHS = (
					"$(inherited)",
					"@executable_path/Frameworks",
				);
				MARKETING_VERSION = 1.0;
				PRODUCT_BUNDLE_IDENTIFIER = com.presidio.SwiftfulMapApp;
				PRODUCT_NAME = "$(TARGET_NAME)";
				SWIFT_EMIT_LOC_STRINGS = YES;
				SWIFT_VERSION = 5.0;
				TARGETED_DEVICE_FAMILY = "1,2";
			};
			name = Release;
		};
		D9E21F512CAA79BF00E45F2A /* Debug */ = {
			isa = XCBuildConfiguration;
			buildSettings = {
				BUNDLE_LOADER = "$(TEST_HOST)";
				CODE_SIGN_STYLE = Automatic;
				CURRENT_PROJECT_VERSION = 1;
				GENERATE_INFOPLIST_FILE = YES;
				IPHONEOS_DEPLOYMENT_TARGET = 18.0;
				MARKETING_VERSION = 1.0;
				PRODUCT_BUNDLE_IDENTIFIER = com.presidio.SwiftfulMapAppTests;
				PRODUCT_NAME = "$(TARGET_NAME)";
				SWIFT_EMIT_LOC_STRINGS = NO;
				SWIFT_VERSION = 5.0;
				TARGETED_DEVICE_FAMILY = "1,2";
				TEST_HOST = "$(BUILT_PRODUCTS_DIR)/SwiftfulMapApp.app/$(BUNDLE_EXECUTABLE_FOLDER_PATH)/SwiftfulMapApp";
			};
			name = Debug;
		};
		D9E21F522CAA79BF00E45F2A /* Release */ = {
			isa = XCBuildConfiguration;
			buildSettings = {
				BUNDLE_LOADER = "$(TEST_HOST)";
				CODE_SIGN_STYLE = Automatic;
				CURRENT_PROJECT_VERSION = 1;
				GENERATE_INFOPLIST_FILE = YES;
				IPHONEOS_DEPLOYMENT_TARGET = 18.0;
				MARKETING_VERSION = 1.0;
				PRODUCT_BUNDLE_IDENTIFIER = com.presidio.SwiftfulMapAppTests;
				PRODUCT_NAME = "$(TARGET_NAME)";
				SWIFT_EMIT_LOC_STRINGS = NO;
				SWIFT_VERSION = 5.0;
				TARGETED_DEVICE_FAMILY = "1,2";
				TEST_HOST = "$(BUILT_PRODUCTS_DIR)/SwiftfulMapApp.app/$(BUNDLE_EXECUTABLE_FOLDER_PATH)/SwiftfulMapApp";
			};
			name = Release;
		};
		D9E21F542CAA79BF00E45F2A /* Debug */ = {
			isa = XCBuildConfiguration;
			buildSettings = {
				CODE_SIGN_STYLE = Automatic;
				CURRENT_PROJECT_VERSION = 1;
				GENERATE_INFOPLIST_FILE = YES;
				MARKETING_VERSION = 1.0;
				PRODUCT_BUNDLE_IDENTIFIER = com.presidio.SwiftfulMapAppUITests;
				PRODUCT_NAME = "$(TARGET_NAME)";
				SWIFT_EMIT_LOC_STRINGS = NO;
				SWIFT_VERSION = 5.0;
				TARGETED_DEVICE_FAMILY = "1,2";
				TEST_TARGET_NAME = SwiftfulMapApp;
			};
			name = Debug;
		};
		D9E21F552CAA79BF00E45F2A /* Release */ = {
			isa = XCBuildConfiguration;
			buildSettings = {
				CODE_SIGN_STYLE = Automatic;
				CURRENT_PROJECT_VERSION = 1;
				GENERATE_INFOPLIST_FILE = YES;
				MARKETING_VERSION = 1.0;
				PRODUCT_BUNDLE_IDENTIFIER = com.presidio.SwiftfulMapAppUITests;
				PRODUCT_NAME = "$(TARGET_NAME)";
				SWIFT_EMIT_LOC_STRINGS = NO;
				SWIFT_VERSION = 5.0;
				TARGETED_DEVICE_FAMILY = "1,2";
				TEST_TARGET_NAME = SwiftfulMapApp;
			};
			name = Release;
		};
/* End XCBuildConfiguration section */

/* Begin XCConfigurationList section */
		D9E21F242CAA79BD00E45F2A /* Build configuration list for PBXProject "SwiftfulMapApp" */ = {
			isa = XCConfigurationList;
			buildConfigurations = (
				D9E21F4B2CAA79BF00E45F2A /* Debug */,
				D9E21F4C2CAA79BF00E45F2A /* Release */,
			);
			defaultConfigurationIsVisible = 0;
			defaultConfigurationName = Release;
		};
		D9E21F4D2CAA79BF00E45F2A /* Build configuration list for PBXNativeTarget "SwiftfulMapApp" */ = {
			isa = XCConfigurationList;
			buildConfigurations = (
				D9E21F4E2CAA79BF00E45F2A /* Debug */,
				D9E21F4F2CAA79BF00E45F2A /* Release */,
			);
			defaultConfigurationIsVisible = 0;
			defaultConfigurationName = Release;
		};
		D9E21F502CAA79BF00E45F2A /* Build configuration list for PBXNativeTarget "SwiftfulMapAppTests" */ = {
			isa = XCConfigurationList;
			buildConfigurations = (
				D9E21F512CAA79BF00E45F2A /* Debug */,
				D9E21F522CAA79BF00E45F2A /* Release */,
			);
			defaultConfigurationIsVisible = 0;
			defaultConfigurationName = Release;
		};
		D9E21F532CAA79BF00E45F2A /* Build configuration list for PBXNativeTarget "SwiftfulMapAppUITests" */ = {
			isa = XCConfigurationList;
			buildConfigurations = (
				D9E21F542CAA79BF00E45F2A /* Debug */,
				D9E21F552CAA79BF00E45F2A /* Release */,
			);
			defaultConfigurationIsVisible = 0;
			defaultConfigurationName = Release;
		};
/* End XCConfigurationList section */
	};
	rootObject = D9E21F212CAA79BD00E45F2A /* Project object */;
}
